// !$*UTF8*$!
{
	archiveVersion = 1;
	classes = {
	};
	objectVersion = 46;
	objects = {

/* Begin PBXBuildFile section */
		558573261E789BE00016174C /* AppDelegate.swift in Sources */ = {isa = PBXBuildFile; fileRef = 558573251E789BE00016174C /* AppDelegate.swift */; };
		558573281E789BE00016174C /* FirstViewController.swift in Sources */ = {isa = PBXBuildFile; fileRef = 558573271E789BE00016174C /* FirstViewController.swift */; };
		5585732A1E789BE00016174C /* SecondViewController.swift in Sources */ = {isa = PBXBuildFile; fileRef = 558573291E789BE00016174C /* SecondViewController.swift */; };
		5585732D1E789BE00016174C /* Main.storyboard in Resources */ = {isa = PBXBuildFile; fileRef = 5585732B1E789BE00016174C /* Main.storyboard */; };
		5585732F1E789BE00016174C /* Assets.xcassets in Resources */ = {isa = PBXBuildFile; fileRef = 5585732E1E789BE00016174C /* Assets.xcassets */; };
		558573321E789BE00016174C /* LaunchScreen.storyboard in Resources */ = {isa = PBXBuildFile; fileRef = 558573301E789BE00016174C /* LaunchScreen.storyboard */; };
		5585733A1E78A3190016174C /* Utilities.swift in Sources */ = {isa = PBXBuildFile; fileRef = 558573391E78A3190016174C /* Utilities.swift */; };
/* End PBXBuildFile section */

/* Begin PBXFileReference section */
		558573221E789BE00016174C /* Back to the Future.app */ = {isa = PBXFileReference; explicitFileType = wrapper.application; includeInIndex = 0; path = "Back to the Future.app"; sourceTree = BUILT_PRODUCTS_DIR; };
		558573251E789BE00016174C /* AppDelegate.swift */ = {isa = PBXFileReference; lastKnownFileType = sourcecode.swift; path = AppDelegate.swift; sourceTree = "<group>"; };
		558573271E789BE00016174C /* FirstViewController.swift */ = {isa = PBXFileReference; lastKnownFileType = sourcecode.swift; path = FirstViewController.swift; sourceTree = "<group>"; };
		558573291E789BE00016174C /* SecondViewController.swift */ = {isa = PBXFileReference; lastKnownFileType = sourcecode.swift; path = SecondViewController.swift; sourceTree = "<group>"; };
		5585732C1E789BE00016174C /* Base */ = {isa = PBXFileReference; lastKnownFileType = file.storyboard; name = Base; path = Base.lproj/Main.storyboard; sourceTree = "<group>"; };
		5585732E1E789BE00016174C /* Assets.xcassets */ = {isa = PBXFileReference; lastKnownFileType = folder.assetcatalog; path = Assets.xcassets; sourceTree = "<group>"; };
		558573311E789BE00016174C /* Base */ = {isa = PBXFileReference; lastKnownFileType = file.storyboard; name = Base; path = Base.lproj/LaunchScreen.storyboard; sourceTree = "<group>"; };
		558573331E789BE00016174C /* Info.plist */ = {isa = PBXFileReference; lastKnownFileType = text.plist.xml; path = Info.plist; sourceTree = "<group>"; };
		558573391E78A3190016174C /* Utilities.swift */ = {isa = PBXFileReference; fileEncoding = 4; lastKnownFileType = sourcecode.swift; path = Utilities.swift; sourceTree = "<group>"; };
/* End PBXFileReference section */

/* Begin PBXFrameworksBuildPhase section */
		5585731F1E789BE00016174C /* Frameworks */ = {
			isa = PBXFrameworksBuildPhase;
			buildActionMask = 2147483647;
			files = (
			);
			runOnlyForDeploymentPostprocessing = 0;
		};
/* End PBXFrameworksBuildPhase section */

/* Begin PBXGroup section */
		558573191E789BDF0016174C = {
			isa = PBXGroup;
			children = (
				558573241E789BE00016174C /* Back to the Future */,
				558573231E789BE00016174C /* Products */,
			);
			sourceTree = "<group>";
		};
		558573231E789BE00016174C /* Products */ = {
			isa = PBXGroup;
			children = (
				558573221E789BE00016174C /* Back to the Future.app */,
			);
			name = Products;
			sourceTree = "<group>";
		};
		558573241E789BE00016174C /* Back to the Future */ = {
			isa = PBXGroup;
			children = (
				558573251E789BE00016174C /* AppDelegate.swift */,
				558573271E789BE00016174C /* FirstViewController.swift */,
				558573391E78A3190016174C /* Utilities.swift */,
				558573291E789BE00016174C /* SecondViewController.swift */,
				5585732B1E789BE00016174C /* Main.storyboard */,
				5585732E1E789BE00016174C /* Assets.xcassets */,
				558573301E789BE00016174C /* LaunchScreen.storyboard */,
				558573331E789BE00016174C /* Info.plist */,
			);
			path = "Back to the Future";
			sourceTree = "<group>";
		};
/* End PBXGroup section */

/* Begin PBXNativeTarget section */
		558573211E789BE00016174C /* Back to the Future */ = {
			isa = PBXNativeTarget;
			buildConfigurationList = 558573361E789BE00016174C /* Build configuration list for PBXNativeTarget "Back to the Future" */;
			buildPhases = (
				5585731E1E789BE00016174C /* Sources */,
				5585731F1E789BE00016174C /* Frameworks */,
				558573201E789BE00016174C /* Resources */,
			);
			buildRules = (
			);
			dependencies = (
			);
			name = "Back to the Future";
			productName = "Back to the Future";
			productReference = 558573221E789BE00016174C /* Back to the Future.app */;
			productType = "com.apple.product-type.application";
		};
/* End PBXNativeTarget section */

/* Begin PBXProject section */
		5585731A1E789BDF0016174C /* Project object */ = {
			isa = PBXProject;
			attributes = {
				LastSwiftUpdateCheck = 0810;
				LastUpgradeCheck = 0810;
				ORGANIZATIONNAME = MadMonte;
				TargetAttributes = {
					558573211E789BE00016174C = {
						CreatedOnToolsVersion = 8.1;
						DevelopmentTeam = L8AYGK9425;
						ProvisioningStyle = Automatic;
					};
				};
			};
			buildConfigurationList = 5585731D1E789BDF0016174C /* Build configuration list for PBXProject "Back to the Future" */;
			compatibilityVersion = "Xcode 3.2";
			developmentRegion = English;
			hasScannedForEncodings = 0;
			knownRegions = (
				en,
				Base,
			);
			mainGroup = 558573191E789BDF0016174C;
			productRefGroup = 558573231E789BE00016174C /* Products */;
			projectDirPath = "";
			projectRoot = "";
			targets = (
				558573211E789BE00016174C /* Back to the Future */,
			);
		};
/* End PBXProject section */

/* Begin PBXResourcesBuildPhase section */
		558573201E789BE00016174C /* Resources */ = {
			isa = PBXResourcesBuildPhase;
			buildActionMask = 2147483647;
			files = (
				558573321E789BE00016174C /* LaunchScreen.storyboard in Resources */,
				5585732F1E789BE00016174C /* Assets.xcassets in Resources */,
				5585732D1E789BE00016174C /* Main.storyboard in Resources */,
			);
			runOnlyForDeploymentPostprocessing = 0;
		};
/* End PBXResourcesBuildPhase section */

/* Begin PBXSourcesBuildPhase section */
		5585731E1E789BE00016174C /* Sources */ = {
			isa = PBXSourcesBuildPhase;
			buildActionMask = 2147483647;
			files = (
				5585732A1E789BE00016174C /* SecondViewController.swift in Sources */,
				558573261E789BE00016174C /* AppDelegate.swift in Sources */,
				5585733A1E78A3190016174C /* Utilities.swift in Sources */,
				558573281E789BE00016174C /* FirstViewController.swift in Sources */,
			);
			runOnlyForDeploymentPostprocessing = 0;
		};
/* End PBXSourcesBuildPhase section */

/* Begin PBXVariantGroup section */
		5585732B1E789BE00016174C /* Main.storyboard */ = {
			isa = PBXVariantGroup;
			children = (
				5585732C1E789BE00016174C /* Base */,
			);
			name = Main.storyboard;
			sourceTree = "<group>";
		};
		558573301E789BE00016174C /* LaunchScreen.storyboard */ = {
			isa = PBXVariantGroup;
			children = (
				558573311E789BE00016174C /* Base */,
			);
			name = LaunchScreen.storyboard;
			sourceTree = "<group>";
		};
/* End PBXVariantGroup section */

/* Begin XCBuildConfiguration section */
		558573341E789BE00016174C /* Debug */ = {
			isa = XCBuildConfiguration;
			buildSettings = {
				ALWAYS_SEARCH_USER_PATHS = NO;
				CLANG_ANALYZER_NONNULL = YES;
				CLANG_CXX_LANGUAGE_STANDARD = "gnu++0x";
				CLANG_CXX_LIBRARY = "libc++";
				CLANG_ENABLE_MODULES = YES;
				CLANG_ENABLE_OBJC_ARC = YES;
				CLANG_WARN_BOOL_CONVERSION = YES;
				CLANG_WARN_CONSTANT_CONVERSION = YES;
				CLANG_WARN_DIRECT_OBJC_ISA_USAGE = YES_ERROR;
				CLANG_WARN_DOCUMENTATION_COMMENTS = YES;
				CLANG_WARN_EMPTY_BODY = YES;
				CLANG_WARN_ENUM_CONVERSION = YES;
				CLANG_WARN_INFINITE_RECURSION = YES;
				CLANG_WARN_INT_CONVERSION = YES;
				CLANG_WARN_OBJC_ROOT_CLASS = YES_ERROR;
				CLANG_WARN_SUSPICIOUS_MOVES = YES;
				CLANG_WARN_UNREACHABLE_CODE = YES;
				CLANG_WARN__DUPLICATE_METHOD_MATCH = YES;
				"CODE_SIGN_IDENTITY[sdk=iphoneos*]" = "iPhone Developer";
				COPY_PHASE_STRIP = NO;
				DEBUG_INFORMATION_FORMAT = dwarf;
				ENABLE_STRICT_OBJC_MSGSEND = YES;
				ENABLE_TESTABILITY = YES;
				GCC_C_LANGUAGE_STANDARD = gnu99;
				GCC_DYNAMIC_NO_PIC = NO;
				GCC_NO_COMMON_BLOCKS = YES;
				GCC_OPTIMIZATION_LEVEL = 0;
				GCC_PREPROCESSOR_DEFINITIONS = (
					"DEBUG=1",
					"$(inherited)",
				);
				GCC_WARN_64_TO_32_BIT_CONVERSION = YES;
				GCC_WARN_ABOUT_RETURN_TYPE = YES_ERROR;
				GCC_WARN_UNDECLARED_SELECTOR = YES;
				GCC_WARN_UNINITIALIZED_AUTOS = YES_AGGRESSIVE;
				GCC_WARN_UNUSED_FUNCTION = YES;
				GCC_WARN_UNUSED_VARIABLE = YES;
				IPHONEOS_DEPLOYMENT_TARGET = 10.1;
				MTL_ENABLE_DEBUG_INFO = YES;
				ONLY_ACTIVE_ARCH = YES;
				SDKROOT = iphoneos;
				SWIFT_ACTIVE_COMPILATION_CONDITIONS = DEBUG;
				SWIFT_OPTIMIZATION_LEVEL = "-Onone";
				TARGETED_DEVICE_FAMILY = "1,2";
			};
			name = Debug;
		};
		558573351E789BE00016174C /* Release */ = {
			isa = XCBuildConfiguration;
			buildSettings = {
				ALWAYS_SEARCH_USER_PATHS = NO;
				CLANG_ANALYZER_NONNULL = YES;
				CLANG_CXX_LANGUAGE_STANDARD = "gnu++0x";
				CLANG_CXX_LIBRARY = "libc++";
				CLANG_ENABLE_MODULES = YES;
				CLANG_ENABLE_OBJC_ARC = YES;
				CLANG_WARN_BOOL_CONVERSION = YES;
				CLANG_WARN_CONSTANT_CONVERSION = YES;
				CLANG_WARN_DIRECT_OBJC_ISA_USAGE = YES_ERROR;
				CLANG_WARN_DOCUMENTATION_COMMENTS = YES;
				CLANG_WARN_EMPTY_BODY = YES;
				CLANG_WARN_ENUM_CONVERSION = YES;
				CLANG_WARN_INFINITE_RECURSION = YES;
				CLANG_WARN_INT_CONVERSION = YES;
				CLANG_WARN_OBJC_ROOT_CLASS = YES_ERROR;
				CLANG_WARN_SUSPICIOUS_MOVES = YES;
				CLANG_WARN_UNREACHABLE_CODE = YES;
				CLANG_WARN__DUPLICATE_METHOD_MATCH = YES;
				"CODE_SIGN_IDENTITY[sdk=iphoneos*]" = "iPhone Developer";
				COPY_PHASE_STRIP = NO;
				DEBUG_INFORMATION_FORMAT = "dwarf-with-dsym";
				ENABLE_NS_ASSERTIONS = NO;
				ENABLE_STRICT_OBJC_MSGSEND = YES;
				GCC_C_LANGUAGE_STANDARD = gnu99;
				GCC_NO_COMMON_BLOCKS = YES;
				GCC_WARN_64_TO_32_BIT_CONVERSION = YES;
				GCC_WARN_ABOUT_RETURN_TYPE = YES_ERROR;
				GCC_WARN_UNDECLARED_SELECTOR = YES;
				GCC_WARN_UNINITIALIZED_AUTOS = YES_AGGRESSIVE;
				GCC_WARN_UNUSED_FUNCTION = YES;
				GCC_WARN_UNUSED_VARIABLE = YES;
				IPHONEOS_DEPLOYMENT_TARGET = 10.1;
				MTL_ENABLE_DEBUG_INFO = NO;
				SDKROOT = iphoneos;
				SWIFT_OPTIMIZATION_LEVEL = "-Owholemodule";
				TARGETED_DEVICE_FAMILY = "1,2";
				VALIDATE_PRODUCT = YES;
			};
			name = Release;
		};
		558573371E789BE00016174C /* Debug */ = {
			isa = XCBuildConfiguration;
			buildSettings = {
				ASSETCATALOG_COMPILER_APPICON_NAME = AppIcon;
				DEVELOPMENT_TEAM = L8AYGK9425;
				INFOPLIST_FILE = "Back to the Future/Info.plist";
				LD_RUNPATH_SEARCH_PATHS = "$(inherited) @executable_path/Frameworks";
				PRODUCT_BUNDLE_IDENTIFIER = "com.madmonte.Back-to-the-Future";
				PRODUCT_NAME = "$(TARGET_NAME)";
				SWIFT_VERSION = 3.0;
			};
			name = Debug;
		};
		558573381E789BE00016174C /* Release */ = {
			isa = XCBuildConfiguration;
			buildSettings = {
				ASSETCATALOG_COMPILER_APPICON_NAME = AppIcon;
				DEVELOPMENT_TEAM = L8AYGK9425;
				INFOPLIST_FILE = "Back to the Future/Info.plist";
				LD_RUNPATH_SEARCH_PATHS = "$(inherited) @executable_path/Frameworks";
				PRODUCT_BUNDLE_IDENTIFIER = "com.madmonte.Back-to-the-Future";
				PRODUCT_NAME = "$(TARGET_NAME)";
				SWIFT_VERSION = 3.0;
			};
			name = Release;
		};
/* End XCBuildConfiguration section */

/* Begin XCConfigurationList section */
		5585731D1E789BDF0016174C /* Build configuration list for PBXProject "Back to the Future" */ = {
			isa = XCConfigurationList;
			buildConfigurations = (
				558573341E789BE00016174C /* Debug */,
				558573351E789BE00016174C /* Release */,
			);
			defaultConfigurationIsVisible = 0;
			defaultConfigurationName = Release;
		};
		558573361E789BE00016174C /* Build configuration list for PBXNativeTarget "Back to the Future" */ = {
			isa = XCConfigurationList;
			buildConfigurations = (
				558573371E789BE00016174C /* Debug */,
				558573381E789BE00016174C /* Release */,
			);
			defaultConfigurationIsVisible = 0;
		};
/* End XCConfigurationList section */
	};
	rootObject = 5585731A1E789BDF0016174C /* Project object */;
}
